
Microsoft Visual Studio Solution File, Format Version 12.00
# Visual Studio 14
VisualStudioVersion = 14.0.24720.0
MinimumVisualStudioVersion = 10.0.40219.1
Project("{FAE04EC0-301F-11D3-BF4B-00C04F79EFBC}") = "XmlDiffLib", "XmlDiffLib.csproj", "{50A8AED9-9B85-4C30-A04D-0218E23AF00B}"
EndProject
Project("{FAE04EC0-301F-11D3-BF4B-00C04F79EFBC}") = "XmlDiffLib.Tests", "..\XmlDiffLib.Tests\XmlDiffLib.Tests.csproj", "{5853A91F-8E16-48B1-B210-95A48651033F}"
EndProject
Global
	GlobalSection(SolutionConfigurationPlatforms) = preSolution
		Debug|Any CPU = Debug|Any CPU
		Release|Any CPU = Release|Any CPU
	EndGlobalSection
	GlobalSection(ProjectConfigurationPlatforms) = postSolution
		{50A8AED9-9B85-4C30-A04D-0218E23AF00B}.Debug|Any CPU.ActiveCfg = Debug|Any CPU
		{50A8AED9-9B85-4C30-A04D-0218E23AF00B}.Debug|Any CPU.Build.0 = Debug|Any CPU
		{50A8AED9-9B85-4C30-A04D-0218E23AF00B}.Release|Any CPU.ActiveCfg = Release|Any CPU
		{50A8AED9-9B85-4C30-A04D-0218E23AF00B}.Release|Any CPU.Build.0 = Release|Any CPU
		{5853A91F-8E16-48B1-B210-95A48651033F}.Debug|Any CPU.ActiveCfg = Debug|Any CPU
		{5853A91F-8E16-48B1-B210-95A48651033F}.Debug|Any CPU.Build.0 = Debug|Any CPU
		{5853A91F-8E16-48B1-B210-95A48651033F}.Release|Any CPU.ActiveCfg = Release|Any CPU
		{5853A91F-8E16-48B1-B210-95A48651033F}.Release|Any CPU.Build.0 = Release|Any CPU
	EndGlobalSection
	GlobalSection(SolutionProperties) = preSolution
		HideSolutionNode = FALSE
	EndGlobalSection
EndGlobal
